
Microsoft Visual Studio Solution File, Format Version 12.00
# Visual Studio 2013
VisualStudioVersion = 12.0.30501.0
MinimumVisualStudioVersion = 10.0.40219.1
Project("{FAE04EC0-301F-11D3-BF4B-00C04F79EFBC}") = "LALR1Compiler", "LALR1Compiler\LALR1Compiler.csproj", "{AFC8738E-0A2D-4124-9045-4F935E3DA0CF}"
EndProject
Project("{FAE04EC0-301F-11D3-BF4B-00C04F79EFBC}") = "ContextfreeGrammarCompiler", "ContextfreeGrammarCompiler\ContextfreeGrammarCompiler.csproj", "{ECD074F1-CE37-4390-B171-6B8B7C400187}"
EndProject
Project("{FAE04EC0-301F-11D3-BF4B-00C04F79EFBC}") = "ContextfreeGrammarCompiler.Test", "ContextfreeGrammarCompiler.Test\ContextfreeGrammarCompiler.Test.csproj", "{B9CF0F6C-EA87-40CF-AB8F-ACEED1726C96}"
EndProject
Project("{FAE04EC0-301F-11D3-BF4B-00C04F79EFBC}") = "TopologyLayout", "TopologyLayout\TopologyLayout.csproj", "{7E2CE352-4D70-4B6B-8C3E-D7A6CEB71A1E}"
EndProject
Global
	GlobalSection(SolutionConfigurationPlatforms) = preSolution
		Debug|Any CPU = Debug|Any CPU
		Release|Any CPU = Release|Any CPU
	EndGlobalSection
	GlobalSection(ProjectConfigurationPlatforms) = postSolution
		{AFC8738E-0A2D-4124-9045-4F935E3DA0CF}.Debug|Any CPU.ActiveCfg = Debug|Any CPU
		{AFC8738E-0A2D-4124-9045-4F935E3DA0CF}.Debug|Any CPU.Build.0 = Debug|Any CPU
		{AFC8738E-0A2D-4124-9045-4F935E3DA0CF}.Release|Any CPU.ActiveCfg = Release|Any CPU
		{AFC8738E-0A2D-4124-9045-4F935E3DA0CF}.Release|Any CPU.Build.0 = Release|Any CPU
		{ECD074F1-CE37-4390-B171-6B8B7C400187}.Debug|Any CPU.ActiveCfg = Debug|Any CPU
		{ECD074F1-CE37-4390-B171-6B8B7C400187}.Debug|Any CPU.Build.0 = Debug|Any CPU
		{ECD074F1-CE37-4390-B171-6B8B7C400187}.Release|Any CPU.ActiveCfg = Release|Any CPU
		{ECD074F1-CE37-4390-B171-6B8B7C400187}.Release|Any CPU.Build.0 = Release|Any CPU
		{B9CF0F6C-EA87-40CF-AB8F-ACEED1726C96}.Debug|Any CPU.ActiveCfg = Debug|Any CPU
		{B9CF0F6C-EA87-40CF-AB8F-ACEED1726C96}.Debug|Any CPU.Build.0 = Debug|Any CPU
		{B9CF0F6C-EA87-40CF-AB8F-ACEED1726C96}.Release|Any CPU.ActiveCfg = Release|Any CPU
		{B9CF0F6C-EA87-40CF-AB8F-ACEED1726C96}.Release|Any CPU.Build.0 = Release|Any CPU
		{7E2CE352-4D70-4B6B-8C3E-D7A6CEB71A1E}.Debug|Any CPU.ActiveCfg = Debug|Any CPU
		{7E2CE352-4D70-4B6B-8C3E-D7A6CEB71A1E}.Debug|Any CPU.Build.0 = Debug|Any CPU
		{7E2CE352-4D70-4B6B-8C3E-D7A6CEB71A1E}.Release|Any CPU.ActiveCfg = Release|Any CPU
		{7E2CE352-4D70-4B6B-8C3E-D7A6CEB71A1E}.Release|Any CPU.Build.0 = Release|Any CPU
	EndGlobalSection
	GlobalSection(SolutionProperties) = preSolution
		HideSolutionNode = FALSE
	EndGlobalSection
EndGlobal
